
Microsoft Visual Studio Solution File, Format Version 12.00
# Visual Studio Version 17
VisualStudioVersion = 17.13.35825.156 d17.13
MinimumVisualStudioVersion = 10.0.40219.1
Project("{FAE04EC0-301F-11D3-BF4B-00C04F79EFBC}") = "CinemaN", "CinemaN.csproj", "{3C91A535-E697-4DDE-9F63-114355920016}"
EndProject
Project("{FAE04EC0-301F-11D3-BF4B-00C04F79EFBC}") = "EssentialClasses", "..\EssentialClasses\EssentialClasses.csproj", "{2FDCB3D4-49BF-4B7E-A8BE-67316C4A6055}"
EndProject
Global
	GlobalSection(SolutionConfigurationPlatforms) = preSolution
		Debug|Any CPU = Debug|Any CPU
		Release|Any CPU = Release|Any CPU
	EndGlobalSection
	GlobalSection(ProjectConfigurationPlatforms) = postSolution
		{3C91A535-E697-4DDE-9F63-114355920016}.Debug|Any CPU.ActiveCfg = Debug|Any CPU
		{3C91A535-E697-4DDE-9F63-114355920016}.Debug|Any CPU.Build.0 = Debug|Any CPU
		{3C91A535-E697-4DDE-9F63-114355920016}.Release|Any CPU.ActiveCfg = Release|Any CPU
		{3C91A535-E697-4DDE-9F63-114355920016}.Release|Any CPU.Build.0 = Release|Any CPU
		{2FDCB3D4-49BF-4B7E-A8BE-67316C4A6055}.Debug|Any CPU.ActiveCfg = Debug|Any CPU
		{2FDCB3D4-49BF-4B7E-A8BE-67316C4A6055}.Debug|Any CPU.Build.0 = Debug|Any CPU
		{2FDCB3D4-49BF-4B7E-A8BE-67316C4A6055}.Release|Any CPU.ActiveCfg = Release|Any CPU
		{2FDCB3D4-49BF-4B7E-A8BE-67316C4A6055}.Release|Any CPU.Build.0 = Release|Any CPU
	EndGlobalSection
	GlobalSection(SolutionProperties) = preSolution
		HideSolutionNode = FALSE
	EndGlobalSection
	GlobalSection(ExtensibilityGlobals) = postSolution
		SolutionGuid = {0E588A30-88EC-48AF-81BC-BB8D95D80B28}
	EndGlobalSection
EndGlobal
